
Microsoft Visual Studio Solution File, Format Version 12.00
# Visual Studio Version 17
VisualStudioVersion = 17.5.33424.131
MinimumVisualStudioVersion = 10.0.40219.1
Project("{FAE04EC0-301F-11D3-BF4B-00C04F79EFBC}") = "ServiceRequestManagement", "ServiceRequestManagement\ServiceRequestManagement.csproj", "{F0FB9282-BBBB-4853-B0D1-F10F2A903154}"
EndProject
Project("{FAE04EC0-301F-11D3-BF4B-00C04F79EFBC}") = "ServiceRequestManagement.Models", "ServiceRequestManagement.Models\ServiceRequestManagement.Models.csproj", "{E8F354C2-2E1C-4190-BEA0-C226DDB6E3A5}"
EndProject
Project("{FAE04EC0-301F-11D3-BF4B-00C04F79EFBC}") = "ServiceRequestManagement.Common", "ServiceRequestManagement.Common\ServiceRequestManagement.Common.csproj", "{45E129D2-14E0-45FC-86D1-EEEA903A73E4}"
EndProject
Project("{FAE04EC0-301F-11D3-BF4B-00C04F79EFBC}") = "ServiceRequestManagement.BAL", "ServiceRequestManagement.BAL\ServiceRequestManagement.BAL.csproj", "{8D8EE007-813E-41ED-9978-C94116AD99C1}"
EndProject
Project("{FAE04EC0-301F-11D3-BF4B-00C04F79EFBC}") = "ServiceRequestManagement.DAL", "ServiceRequestManagement.DAL\ServiceRequestManagement.DAL.csproj", "{48CA9A12-A020-40AD-B6B6-4256EEB2EE47}"
EndProject
Project("{FAE04EC0-301F-11D3-BF4B-00C04F79EFBC}") = "ServiceRequestManagement.Tests", "ServiceRequestManagementTest\ServiceRequestManagement.Tests.csproj", "{DDF61F44-789A-47CB-BA1A-F4CED9924477}"
EndProject
Global
	GlobalSection(SolutionConfigurationPlatforms) = preSolution
		Debug|Any CPU = Debug|Any CPU
		Release|Any CPU = Release|Any CPU
	EndGlobalSection
	GlobalSection(ProjectConfigurationPlatforms) = postSolution
		{F0FB9282-BBBB-4853-B0D1-F10F2A903154}.Debug|Any CPU.ActiveCfg = Debug|Any CPU
		{F0FB9282-BBBB-4853-B0D1-F10F2A903154}.Debug|Any CPU.Build.0 = Debug|Any CPU
		{F0FB9282-BBBB-4853-B0D1-F10F2A903154}.Release|Any CPU.ActiveCfg = Release|Any CPU
		{F0FB9282-BBBB-4853-B0D1-F10F2A903154}.Release|Any CPU.Build.0 = Release|Any CPU
		{E8F354C2-2E1C-4190-BEA0-C226DDB6E3A5}.Debug|Any CPU.ActiveCfg = Debug|Any CPU
		{E8F354C2-2E1C-4190-BEA0-C226DDB6E3A5}.Debug|Any CPU.Build.0 = Debug|Any CPU
		{E8F354C2-2E1C-4190-BEA0-C226DDB6E3A5}.Release|Any CPU.ActiveCfg = Release|Any CPU
		{E8F354C2-2E1C-4190-BEA0-C226DDB6E3A5}.Release|Any CPU.Build.0 = Release|Any CPU
		{45E129D2-14E0-45FC-86D1-EEEA903A73E4}.Debug|Any CPU.ActiveCfg = Debug|Any CPU
		{45E129D2-14E0-45FC-86D1-EEEA903A73E4}.Debug|Any CPU.Build.0 = Debug|Any CPU
		{45E129D2-14E0-45FC-86D1-EEEA903A73E4}.Release|Any CPU.ActiveCfg = Release|Any CPU
		{45E129D2-14E0-45FC-86D1-EEEA903A73E4}.Release|Any CPU.Build.0 = Release|Any CPU
		{8D8EE007-813E-41ED-9978-C94116AD99C1}.Debug|Any CPU.ActiveCfg = Debug|Any CPU
		{8D8EE007-813E-41ED-9978-C94116AD99C1}.Debug|Any CPU.Build.0 = Debug|Any CPU
		{8D8EE007-813E-41ED-9978-C94116AD99C1}.Release|Any CPU.ActiveCfg = Release|Any CPU
		{8D8EE007-813E-41ED-9978-C94116AD99C1}.Release|Any CPU.Build.0 = Release|Any CPU
		{48CA9A12-A020-40AD-B6B6-4256EEB2EE47}.Debug|Any CPU.ActiveCfg = Debug|Any CPU
		{48CA9A12-A020-40AD-B6B6-4256EEB2EE47}.Debug|Any CPU.Build.0 = Debug|Any CPU
		{48CA9A12-A020-40AD-B6B6-4256EEB2EE47}.Release|Any CPU.ActiveCfg = Release|Any CPU
		{48CA9A12-A020-40AD-B6B6-4256EEB2EE47}.Release|Any CPU.Build.0 = Release|Any CPU
		{DDF61F44-789A-47CB-BA1A-F4CED9924477}.Debug|Any CPU.ActiveCfg = Debug|Any CPU
		{DDF61F44-789A-47CB-BA1A-F4CED9924477}.Debug|Any CPU.Build.0 = Debug|Any CPU
		{DDF61F44-789A-47CB-BA1A-F4CED9924477}.Release|Any CPU.ActiveCfg = Release|Any CPU
		{DDF61F44-789A-47CB-BA1A-F4CED9924477}.Release|Any CPU.Build.0 = Release|Any CPU
	EndGlobalSection
	GlobalSection(SolutionProperties) = preSolution
		HideSolutionNode = FALSE
	EndGlobalSection
	GlobalSection(ExtensibilityGlobals) = postSolution
		SolutionGuid = {203DDB0B-2753-47A9-B3C8-71263613207C}
	EndGlobalSection
EndGlobal
